
Microsoft Visual Studio Solution File, Format Version 12.00
# Visual Studio 15
VisualStudioVersion = 15.0.28010.2046
MinimumVisualStudioVersion = 10.0.40219.1
Project("{FAE04EC0-301F-11D3-BF4B-00C04F79EFBC}") = "StaticFileServer", "StaticFileServer\StaticFileServer.csproj", "{477EAB6A-531A-4E9F-BA74-A99D57E19C1F}"
EndProject
Project("{E53339B2-1760-4266-BCC7-CA923CBCF16C}") = "docker-compose", "docker-compose.dcproj", "{84CE256B-E170-4055-9F41-A41BA9C028BC}"
EndProject
Global
	GlobalSection(SolutionConfigurationPlatforms) = preSolution
		Debug|Any CPU = Debug|Any CPU
		Release|Any CPU = Release|Any CPU
	EndGlobalSection
	GlobalSection(ProjectConfigurationPlatforms) = postSolution
		{477EAB6A-531A-4E9F-BA74-A99D57E19C1F}.Debug|Any CPU.ActiveCfg = Debug|Any CPU
		{477EAB6A-531A-4E9F-BA74-A99D57E19C1F}.Debug|Any CPU.Build.0 = Debug|Any CPU
		{477EAB6A-531A-4E9F-BA74-A99D57E19C1F}.Release|Any CPU.ActiveCfg = Release|Any CPU
		{477EAB6A-531A-4E9F-BA74-A99D57E19C1F}.Release|Any CPU.Build.0 = Release|Any CPU
		{84CE256B-E170-4055-9F41-A41BA9C028BC}.Debug|Any CPU.ActiveCfg = Debug|Any CPU
		{84CE256B-E170-4055-9F41-A41BA9C028BC}.Debug|Any CPU.Build.0 = Debug|Any CPU
		{84CE256B-E170-4055-9F41-A41BA9C028BC}.Release|Any CPU.ActiveCfg = Release|Any CPU
		{84CE256B-E170-4055-9F41-A41BA9C028BC}.Release|Any CPU.Build.0 = Release|Any CPU
	EndGlobalSection
	GlobalSection(SolutionProperties) = preSolution
		HideSolutionNode = FALSE
	EndGlobalSection
	GlobalSection(ExtensibilityGlobals) = postSolution
		SolutionGuid = {9A1FF3DF-6DED-4CB1-A4D8-31C98918723D}
	EndGlobalSection
EndGlobal
